
Microsoft Visual Studio Solution File, Format Version 12.00
# Visual Studio Version 17
VisualStudioVersion = 17.4.33122.133
MinimumVisualStudioVersion = 10.0.40219.1
Project("{9A19103F-16F7-4668-BE54-9A1E7A4F7556}") = "ResumeBuilder", "ResumeBuilder\ResumeBuilder.csproj", "{B8392C14-3113-4960-8234-66D1B4BDB73D}"
EndProject
Project("{54435603-DBB4-11D2-8724-00A0C9A8B90C}") = "Setup1", "Setup1\Setup1.vdproj", "{ED3B95D2-9BEF-4333-A23F-EA30BFD127B0}"
EndProject
Global
	GlobalSection(SolutionConfigurationPlatforms) = preSolution
		Debug|Any CPU = Debug|Any CPU
		Release|Any CPU = Release|Any CPU
	EndGlobalSection
	GlobalSection(ProjectConfigurationPlatforms) = postSolution
		{B8392C14-3113-4960-8234-66D1B4BDB73D}.Debug|Any CPU.ActiveCfg = Debug|Any CPU
		{B8392C14-3113-4960-8234-66D1B4BDB73D}.Debug|Any CPU.Build.0 = Debug|Any CPU
		{B8392C14-3113-4960-8234-66D1B4BDB73D}.Release|Any CPU.ActiveCfg = Release|Any CPU
		{B8392C14-3113-4960-8234-66D1B4BDB73D}.Release|Any CPU.Build.0 = Release|Any CPU
		{ED3B95D2-9BEF-4333-A23F-EA30BFD127B0}.Debug|Any CPU.ActiveCfg = Debug
		{ED3B95D2-9BEF-4333-A23F-EA30BFD127B0}.Release|Any CPU.ActiveCfg = Release
	EndGlobalSection
	GlobalSection(SolutionProperties) = preSolution
		HideSolutionNode = FALSE
	EndGlobalSection
	GlobalSection(ExtensibilityGlobals) = postSolution
		SolutionGuid = {6DEA3F80-B2CD-4125-8BCB-1190E892FC43}
	EndGlobalSection
EndGlobal
